
Microsoft Visual Studio Solution File, Format Version 12.00
# Visual Studio 14
VisualStudioVersion = 14.0.25420.1
MinimumVisualStudioVersion = 10.0.40219.1
Project("{2150E333-8FDC-42A3-9474-1A3956D46DE8}") = "C Sharp Basics for Beginners", "C Sharp Basics for Beginners", "{785D2CDE-FFEA-4373-BB09-6ADFE3477CF4}"
EndProject
Project("{FAE04EC0-301F-11D3-BF4B-00C04F79EFBC}") = "Variables", "variable\Variables.csproj", "{FAB452BD-FA3C-48BC-8CB7-332BD6B4113F}"
EndProject
Project("{FAE04EC0-301F-11D3-BF4B-00C04F79EFBC}") = "TypeConversions", "TypeConversions\TypeConversions.csproj", "{3C0372AB-E305-4270-81E1-67D8235B503E}"
EndProject
Project("{FAE04EC0-301F-11D3-BF4B-00C04F79EFBC}") = "CSharpFundamentals", "CSharpFundamentals\CSharpFundamentals.csproj", "{68D0F7BF-31B9-4291-92A6-FCC3E27B4707}"
EndProject
Project("{FAE04EC0-301F-11D3-BF4B-00C04F79EFBC}") = "WorkingWithText", "WorkingWithText\WorkingWithText.csproj", "{89C36E31-ED37-4130-B168-B72AD2D52FC4}"
EndProject
Project("{FAE04EC0-301F-11D3-BF4B-00C04F79EFBC}") = "LiveCodingSummarising.cs", "LiveCodingSummarising.cs\LiveCodingSummarising.cs.csproj", "{7795D952-3407-414D-BEEB-C35FF3620DD9}"
EndProject
Project("{FAE04EC0-301F-11D3-BF4B-00C04F79EFBC}") = "ProceduralProgramming", "ProceduralProgramming\ProceduralProgramming.csproj", "{1240D9A7-8612-4810-964D-335F0912A2DB}"
EndProject
Project("{FAE04EC0-301F-11D3-BF4B-00C04F79EFBC}") = "UniqueNumber", "UniqueNumber\UniqueNumber.csproj", "{339DB2AF-F5B3-4F97-AA55-7CE347CE8045}"
EndProject
Project("{2150E333-8FDC-42A3-9474-1A3956D46DE8}") = "C Sharp intermediate classes interface and oop", "C Sharp intermediate classes interface and oop", "{BE6DA40C-09DF-4594-BCB3-E2A5FE4C408C}"
EndProject
Project("{FAE04EC0-301F-11D3-BF4B-00C04F79EFBC}") = "Constructor", "Constructor\Constructor.csproj", "{EB154E01-AAFC-4FB8-A084-CDCCBDDC55CE}"
EndProject
Project("{FAE04EC0-301F-11D3-BF4B-00C04F79EFBC}") = "Method", "Method\Method.csproj", "{6FD1C457-E809-4BF4-955B-BBEF2EBB8EEA}"
EndProject
Project("{FAE04EC0-301F-11D3-BF4B-00C04F79EFBC}") = "Modifier", "Modifier\Modifier.csproj", "{3E3D95C8-4340-4D49-9314-84292153785F}"
EndProject
Project("{FAE04EC0-301F-11D3-BF4B-00C04F79EFBC}") = "Indexers", "Indexers\Indexers.csproj", "{6D2A5BEC-E187-4B62-AF38-75319A716939}"
EndProject
Project("{2150E333-8FDC-42A3-9474-1A3956D46DE8}") = "CSharp Advance", "CSharp Advance", "{8952C83E-889B-4D5A-B5E1-AA170A8DB8FD}"
EndProject
Project("{FAE04EC0-301F-11D3-BF4B-00C04F79EFBC}") = "Generic", "Generic\Generic.csproj", "{0A4C5F7F-16E4-424A-BFC3-9E51C1E1E5E0}"
EndProject
Global
	GlobalSection(SolutionConfigurationPlatforms) = preSolution
		Debug|Any CPU = Debug|Any CPU
		Release|Any CPU = Release|Any CPU
	EndGlobalSection
	GlobalSection(ProjectConfigurationPlatforms) = postSolution
		{FAB452BD-FA3C-48BC-8CB7-332BD6B4113F}.Debug|Any CPU.ActiveCfg = Debug|Any CPU
		{FAB452BD-FA3C-48BC-8CB7-332BD6B4113F}.Debug|Any CPU.Build.0 = Debug|Any CPU
		{FAB452BD-FA3C-48BC-8CB7-332BD6B4113F}.Release|Any CPU.ActiveCfg = Release|Any CPU
		{FAB452BD-FA3C-48BC-8CB7-332BD6B4113F}.Release|Any CPU.Build.0 = Release|Any CPU
		{3C0372AB-E305-4270-81E1-67D8235B503E}.Debug|Any CPU.ActiveCfg = Debug|Any CPU
		{3C0372AB-E305-4270-81E1-67D8235B503E}.Debug|Any CPU.Build.0 = Debug|Any CPU
		{3C0372AB-E305-4270-81E1-67D8235B503E}.Release|Any CPU.ActiveCfg = Release|Any CPU
		{3C0372AB-E305-4270-81E1-67D8235B503E}.Release|Any CPU.Build.0 = Release|Any CPU
		{68D0F7BF-31B9-4291-92A6-FCC3E27B4707}.Debug|Any CPU.ActiveCfg = Debug|Any CPU
		{68D0F7BF-31B9-4291-92A6-FCC3E27B4707}.Debug|Any CPU.Build.0 = Debug|Any CPU
		{68D0F7BF-31B9-4291-92A6-FCC3E27B4707}.Release|Any CPU.ActiveCfg = Release|Any CPU
		{68D0F7BF-31B9-4291-92A6-FCC3E27B4707}.Release|Any CPU.Build.0 = Release|Any CPU
		{89C36E31-ED37-4130-B168-B72AD2D52FC4}.Debug|Any CPU.ActiveCfg = Debug|Any CPU
		{89C36E31-ED37-4130-B168-B72AD2D52FC4}.Debug|Any CPU.Build.0 = Debug|Any CPU
		{89C36E31-ED37-4130-B168-B72AD2D52FC4}.Release|Any CPU.ActiveCfg = Release|Any CPU
		{89C36E31-ED37-4130-B168-B72AD2D52FC4}.Release|Any CPU.Build.0 = Release|Any CPU
		{7795D952-3407-414D-BEEB-C35FF3620DD9}.Debug|Any CPU.ActiveCfg = Debug|Any CPU
		{7795D952-3407-414D-BEEB-C35FF3620DD9}.Debug|Any CPU.Build.0 = Debug|Any CPU
		{7795D952-3407-414D-BEEB-C35FF3620DD9}.Release|Any CPU.ActiveCfg = Release|Any CPU
		{7795D952-3407-414D-BEEB-C35FF3620DD9}.Release|Any CPU.Build.0 = Release|Any CPU
		{1240D9A7-8612-4810-964D-335F0912A2DB}.Debug|Any CPU.ActiveCfg = Debug|Any CPU
		{1240D9A7-8612-4810-964D-335F0912A2DB}.Debug|Any CPU.Build.0 = Debug|Any CPU
		{1240D9A7-8612-4810-964D-335F0912A2DB}.Release|Any CPU.ActiveCfg = Release|Any CPU
		{1240D9A7-8612-4810-964D-335F0912A2DB}.Release|Any CPU.Build.0 = Release|Any CPU
		{339DB2AF-F5B3-4F97-AA55-7CE347CE8045}.Debug|Any CPU.ActiveCfg = Debug|Any CPU
		{339DB2AF-F5B3-4F97-AA55-7CE347CE8045}.Debug|Any CPU.Build.0 = Debug|Any CPU
		{339DB2AF-F5B3-4F97-AA55-7CE347CE8045}.Release|Any CPU.ActiveCfg = Release|Any CPU
		{339DB2AF-F5B3-4F97-AA55-7CE347CE8045}.Release|Any CPU.Build.0 = Release|Any CPU
		{EB154E01-AAFC-4FB8-A084-CDCCBDDC55CE}.Debug|Any CPU.ActiveCfg = Debug|Any CPU
		{EB154E01-AAFC-4FB8-A084-CDCCBDDC55CE}.Debug|Any CPU.Build.0 = Debug|Any CPU
		{EB154E01-AAFC-4FB8-A084-CDCCBDDC55CE}.Release|Any CPU.ActiveCfg = Release|Any CPU
		{EB154E01-AAFC-4FB8-A084-CDCCBDDC55CE}.Release|Any CPU.Build.0 = Release|Any CPU
		{6FD1C457-E809-4BF4-955B-BBEF2EBB8EEA}.Debug|Any CPU.ActiveCfg = Debug|Any CPU
		{6FD1C457-E809-4BF4-955B-BBEF2EBB8EEA}.Debug|Any CPU.Build.0 = Debug|Any CPU
		{6FD1C457-E809-4BF4-955B-BBEF2EBB8EEA}.Release|Any CPU.ActiveCfg = Release|Any CPU
		{6FD1C457-E809-4BF4-955B-BBEF2EBB8EEA}.Release|Any CPU.Build.0 = Release|Any CPU
		{3E3D95C8-4340-4D49-9314-84292153785F}.Debug|Any CPU.ActiveCfg = Debug|Any CPU
		{3E3D95C8-4340-4D49-9314-84292153785F}.Debug|Any CPU.Build.0 = Debug|Any CPU
		{3E3D95C8-4340-4D49-9314-84292153785F}.Release|Any CPU.ActiveCfg = Release|Any CPU
		{3E3D95C8-4340-4D49-9314-84292153785F}.Release|Any CPU.Build.0 = Release|Any CPU
		{6D2A5BEC-E187-4B62-AF38-75319A716939}.Debug|Any CPU.ActiveCfg = Debug|Any CPU
		{6D2A5BEC-E187-4B62-AF38-75319A716939}.Debug|Any CPU.Build.0 = Debug|Any CPU
		{6D2A5BEC-E187-4B62-AF38-75319A716939}.Release|Any CPU.ActiveCfg = Release|Any CPU
		{6D2A5BEC-E187-4B62-AF38-75319A716939}.Release|Any CPU.Build.0 = Release|Any CPU
		{0A4C5F7F-16E4-424A-BFC3-9E51C1E1E5E0}.Debug|Any CPU.ActiveCfg = Debug|Any CPU
		{0A4C5F7F-16E4-424A-BFC3-9E51C1E1E5E0}.Debug|Any CPU.Build.0 = Debug|Any CPU
		{0A4C5F7F-16E4-424A-BFC3-9E51C1E1E5E0}.Release|Any CPU.ActiveCfg = Release|Any CPU
		{0A4C5F7F-16E4-424A-BFC3-9E51C1E1E5E0}.Release|Any CPU.Build.0 = Release|Any CPU
	EndGlobalSection
	GlobalSection(SolutionProperties) = preSolution
		HideSolutionNode = FALSE
	EndGlobalSection
	GlobalSection(NestedProjects) = preSolution
		{FAB452BD-FA3C-48BC-8CB7-332BD6B4113F} = {785D2CDE-FFEA-4373-BB09-6ADFE3477CF4}
		{3C0372AB-E305-4270-81E1-67D8235B503E} = {785D2CDE-FFEA-4373-BB09-6ADFE3477CF4}
		{68D0F7BF-31B9-4291-92A6-FCC3E27B4707} = {785D2CDE-FFEA-4373-BB09-6ADFE3477CF4}
		{89C36E31-ED37-4130-B168-B72AD2D52FC4} = {785D2CDE-FFEA-4373-BB09-6ADFE3477CF4}
		{7795D952-3407-414D-BEEB-C35FF3620DD9} = {785D2CDE-FFEA-4373-BB09-6ADFE3477CF4}
		{1240D9A7-8612-4810-964D-335F0912A2DB} = {785D2CDE-FFEA-4373-BB09-6ADFE3477CF4}
		{339DB2AF-F5B3-4F97-AA55-7CE347CE8045} = {785D2CDE-FFEA-4373-BB09-6ADFE3477CF4}
		{EB154E01-AAFC-4FB8-A084-CDCCBDDC55CE} = {BE6DA40C-09DF-4594-BCB3-E2A5FE4C408C}
		{6FD1C457-E809-4BF4-955B-BBEF2EBB8EEA} = {BE6DA40C-09DF-4594-BCB3-E2A5FE4C408C}
		{3E3D95C8-4340-4D49-9314-84292153785F} = {BE6DA40C-09DF-4594-BCB3-E2A5FE4C408C}
		{6D2A5BEC-E187-4B62-AF38-75319A716939} = {BE6DA40C-09DF-4594-BCB3-E2A5FE4C408C}
		{0A4C5F7F-16E4-424A-BFC3-9E51C1E1E5E0} = {8952C83E-889B-4D5A-B5E1-AA170A8DB8FD}
	EndGlobalSection
EndGlobal
